
Microsoft Visual Studio Solution File, Format Version 12.00
# Visual Studio Version 17
VisualStudioVersion = 17.4.33213.308
MinimumVisualStudioVersion = 10.0.40219.1
Project("{9A19103F-16F7-4668-BE54-9A1E7A4F7556}") = "Projeto", "Projeto.csproj", "{7AC82C45-A905-495F-BC3C-1A4E05570DA4}"
EndProject
Global
	GlobalSection(SolutionConfigurationPlatforms) = preSolution
		Debug|Any CPU = Debug|Any CPU
		Release|Any CPU = Release|Any CPU
	EndGlobalSection
	GlobalSection(ProjectConfigurationPlatforms) = postSolution
		{7AC82C45-A905-495F-BC3C-1A4E05570DA4}.Debug|Any CPU.ActiveCfg = Debug|Any CPU
		{7AC82C45-A905-495F-BC3C-1A4E05570DA4}.Debug|Any CPU.Build.0 = Debug|Any CPU
		{7AC82C45-A905-495F-BC3C-1A4E05570DA4}.Release|Any CPU.ActiveCfg = Release|Any CPU
		{7AC82C45-A905-495F-BC3C-1A4E05570DA4}.Release|Any CPU.Build.0 = Release|Any CPU
	EndGlobalSection
	GlobalSection(SolutionProperties) = preSolution
		HideSolutionNode = FALSE
	EndGlobalSection
	GlobalSection(ExtensibilityGlobals) = postSolution
		SolutionGuid = {3DB7E631-EFAB-4619-BEB6-80469A7223F5}
	EndGlobalSection
EndGlobal
